
Microsoft Visual Studio Solution File, Format Version 12.00
# Visual Studio Version 17
VisualStudioVersion = 17.14.36401.2 d17.14
MinimumVisualStudioVersion = 10.0.40219.1
Project("{2150E333-8FDC-42A3-9474-1A3956D46DE8}") = "src", "src", "{02EA681E-C7D8-13C7-8484-4AC65E1B71E8}"
EndProject
Project("{2150E333-8FDC-42A3-9474-1A3956D46DE8}") = "Tests", "Tests", "{D83FDAEE-6880-4ED5-9EA4-9D52BE3B810F}"
EndProject
Project("{FAE04EC0-301F-11D3-BF4B-00C04F79EFBC}") = "ShopDesk.UI", "src\ShopDesk.UI\ShopDesk.UI.csproj", "{4905C0D5-AD30-4141-83AA-37E2534C2FD0}"
EndProject
Project("{2150E333-8FDC-42A3-9474-1A3956D46DE8}") = "Infrastructure", "Infrastructure", "{A70CCA63-854D-4469-A003-68BEC7E3BA90}"
EndProject
Project("{2150E333-8FDC-42A3-9474-1A3956D46DE8}") = "Web", "Web", "{3BCE853B-959C-4ADD-9B66-835DE6E3862C}"
EndProject
Project("{FAE04EC0-301F-11D3-BF4B-00C04F79EFBC}") = "ShopDesk.Persistence", "src\ShopDesk.Persistence\ShopDesk.Persistence.csproj", "{ADC6BCCE-E7C8-48BD-9516-7EC4633FDF20}"
EndProject
Project("{FAE04EC0-301F-11D3-BF4B-00C04F79EFBC}") = "ShopDesk.Application", "ShopDesk.Application\ShopDesk.Application.csproj", "{A962AF4F-1AE3-48DB-A5AF-C30E5080C27D}"
EndProject
Project("{FAE04EC0-301F-11D3-BF4B-00C04F79EFBC}") = "ShopDesk.Sql", "Infrastructure\ShopDesk.Sql\ShopDesk.Sql.csproj", "{AD82DDEB-3E61-461F-8F91-69F3F77E2A3D}"
EndProject
Global
	GlobalSection(SolutionConfigurationPlatforms) = preSolution
		Debug|Any CPU = Debug|Any CPU
		Release|Any CPU = Release|Any CPU
	EndGlobalSection
	GlobalSection(ProjectConfigurationPlatforms) = postSolution
		{4905C0D5-AD30-4141-83AA-37E2534C2FD0}.Debug|Any CPU.ActiveCfg = Debug|Any CPU
		{4905C0D5-AD30-4141-83AA-37E2534C2FD0}.Debug|Any CPU.Build.0 = Debug|Any CPU
		{4905C0D5-AD30-4141-83AA-37E2534C2FD0}.Release|Any CPU.ActiveCfg = Release|Any CPU
		{4905C0D5-AD30-4141-83AA-37E2534C2FD0}.Release|Any CPU.Build.0 = Release|Any CPU
		{ADC6BCCE-E7C8-48BD-9516-7EC4633FDF20}.Debug|Any CPU.ActiveCfg = Debug|Any CPU
		{ADC6BCCE-E7C8-48BD-9516-7EC4633FDF20}.Debug|Any CPU.Build.0 = Debug|Any CPU
		{ADC6BCCE-E7C8-48BD-9516-7EC4633FDF20}.Release|Any CPU.ActiveCfg = Release|Any CPU
		{ADC6BCCE-E7C8-48BD-9516-7EC4633FDF20}.Release|Any CPU.Build.0 = Release|Any CPU
		{A962AF4F-1AE3-48DB-A5AF-C30E5080C27D}.Debug|Any CPU.ActiveCfg = Debug|Any CPU
		{A962AF4F-1AE3-48DB-A5AF-C30E5080C27D}.Debug|Any CPU.Build.0 = Debug|Any CPU
		{A962AF4F-1AE3-48DB-A5AF-C30E5080C27D}.Release|Any CPU.ActiveCfg = Release|Any CPU
		{A962AF4F-1AE3-48DB-A5AF-C30E5080C27D}.Release|Any CPU.Build.0 = Release|Any CPU
		{AD82DDEB-3E61-461F-8F91-69F3F77E2A3D}.Debug|Any CPU.ActiveCfg = Debug|Any CPU
		{AD82DDEB-3E61-461F-8F91-69F3F77E2A3D}.Debug|Any CPU.Build.0 = Debug|Any CPU
		{AD82DDEB-3E61-461F-8F91-69F3F77E2A3D}.Release|Any CPU.ActiveCfg = Release|Any CPU
		{AD82DDEB-3E61-461F-8F91-69F3F77E2A3D}.Release|Any CPU.Build.0 = Release|Any CPU
	EndGlobalSection
	GlobalSection(SolutionProperties) = preSolution
		HideSolutionNode = FALSE
	EndGlobalSection
	GlobalSection(NestedProjects) = preSolution
		{4905C0D5-AD30-4141-83AA-37E2534C2FD0} = {3BCE853B-959C-4ADD-9B66-835DE6E3862C}
		{A70CCA63-854D-4469-A003-68BEC7E3BA90} = {02EA681E-C7D8-13C7-8484-4AC65E1B71E8}
		{3BCE853B-959C-4ADD-9B66-835DE6E3862C} = {02EA681E-C7D8-13C7-8484-4AC65E1B71E8}
		{ADC6BCCE-E7C8-48BD-9516-7EC4633FDF20} = {02EA681E-C7D8-13C7-8484-4AC65E1B71E8}
		{A962AF4F-1AE3-48DB-A5AF-C30E5080C27D} = {02EA681E-C7D8-13C7-8484-4AC65E1B71E8}
		{AD82DDEB-3E61-461F-8F91-69F3F77E2A3D} = {A70CCA63-854D-4469-A003-68BEC7E3BA90}
	EndGlobalSection
	GlobalSection(ExtensibilityGlobals) = postSolution
		SolutionGuid = {168E6638-ECED-44A0-81D8-8349407A6933}
	EndGlobalSection
EndGlobal
